
Microsoft Visual Studio Solution File, Format Version 12.00
# Visual Studio Version 16
VisualStudioVersion = 16.0.31129.286
MinimumVisualStudioVersion = 10.0.40219.1
Project("{FAE04EC0-301F-11D3-BF4B-00C04F79EFBC}") = "InventoryDemo", "InventoryDemo.csproj", "{5168695A-27CF-4265-BF61-F7FF13BCF33C}"
EndProject
Global
	GlobalSection(SolutionConfigurationPlatforms) = preSolution
		Debug|Any CPU = Debug|Any CPU
		Release|Any CPU = Release|Any CPU
	EndGlobalSection
	GlobalSection(ProjectConfigurationPlatforms) = postSolution
		{5168695A-27CF-4265-BF61-F7FF13BCF33C}.Debug|Any CPU.ActiveCfg = Debug|Any CPU
		{5168695A-27CF-4265-BF61-F7FF13BCF33C}.Debug|Any CPU.Build.0 = Debug|Any CPU
		{5168695A-27CF-4265-BF61-F7FF13BCF33C}.Release|Any CPU.ActiveCfg = Release|Any CPU
		{5168695A-27CF-4265-BF61-F7FF13BCF33C}.Release|Any CPU.Build.0 = Release|Any CPU
	EndGlobalSection
	GlobalSection(SolutionProperties) = preSolution
		HideSolutionNode = FALSE
	EndGlobalSection
	GlobalSection(ExtensibilityGlobals) = postSolution
		SolutionGuid = {C0B35198-038F-420F-813F-BC3E7F099B5A}
	EndGlobalSection
EndGlobal
